// !$*UTF8*$!
{
	archiveVersion = 1;
	classes = {
	};
	objectVersion = 50;
	objects = {

/* Begin PBXBuildFile section */
		97B0367B265C09C700EE5F6E /* TickTacTowApp.swift in Sources */ = {isa = PBXBuildFile; fileRef = 97B0367A265C09C700EE5F6E /* TickTacTowApp.swift */; };
		97B0367D265C09C700EE5F6E /* GameBoardView.swift in Sources */ = {isa = PBXBuildFile; fileRef = 97B0367C265C09C700EE5F6E /* GameBoardView.swift */; };
		97B0367F265C09CC00EE5F6E /* Assets.xcassets in Resources */ = {isa = PBXBuildFile; fileRef = 97B0367E265C09CC00EE5F6E /* Assets.xcassets */; };
		97B03682265C09CC00EE5F6E /* Preview Assets.xcassets in Resources */ = {isa = PBXBuildFile; fileRef = 97B03681265C09CC00EE5F6E /* Preview Assets.xcassets */; };
		97B0368A265D334F00EE5F6E /* Alerts.swift in Sources */ = {isa = PBXBuildFile; fileRef = 97B03689265D334E00EE5F6E /* Alerts.swift */; };
		97B0368C265D688300EE5F6E /* GameViewModel.swift in Sources */ = {isa = PBXBuildFile; fileRef = 97B0368B265D688300EE5F6E /* GameViewModel.swift */; };
/* End PBXBuildFile section */

/* Begin PBXFileReference section */
		97B03677265C09C700EE5F6E /* TickTacTow.app */ = {isa = PBXFileReference; explicitFileType = wrapper.application; includeInIndex = 0; path = TickTacTow.app; sourceTree = BUILT_PRODUCTS_DIR; };
		97B0367A265C09C700EE5F6E /* TickTacTowApp.swift */ = {isa = PBXFileReference; lastKnownFileType = sourcecode.swift; path = TickTacTowApp.swift; sourceTree = "<group>"; };
		97B0367C265C09C700EE5F6E /* GameBoardView.swift */ = {isa = PBXFileReference; lastKnownFileType = sourcecode.swift; path = GameBoardView.swift; sourceTree = "<group>"; xcLanguageSpecificationIdentifier = xcode.lang.swift; };
		97B0367E265C09CC00EE5F6E /* Assets.xcassets */ = {isa = PBXFileReference; lastKnownFileType = folder.assetcatalog; path = Assets.xcassets; sourceTree = "<group>"; };
		97B03681265C09CC00EE5F6E /* Preview Assets.xcassets */ = {isa = PBXFileReference; lastKnownFileType = folder.assetcatalog; path = "Preview Assets.xcassets"; sourceTree = "<group>"; };
		97B03683265C09CC00EE5F6E /* Info.plist */ = {isa = PBXFileReference; lastKnownFileType = text.plist.xml; path = Info.plist; sourceTree = "<group>"; };
		97B03689265D334E00EE5F6E /* Alerts.swift */ = {isa = PBXFileReference; lastKnownFileType = sourcecode.swift; path = Alerts.swift; sourceTree = "<group>"; };
		97B0368B265D688300EE5F6E /* GameViewModel.swift */ = {isa = PBXFileReference; lastKnownFileType = sourcecode.swift; path = GameViewModel.swift; sourceTree = "<group>"; };
/* End PBXFileReference section */

/* Begin PBXFrameworksBuildPhase section */
		97B03674265C09C700EE5F6E /* Frameworks */ = {
			isa = PBXFrameworksBuildPhase;
			buildActionMask = 2147483647;
			files = (
			);
			runOnlyForDeploymentPostprocessing = 0;
		};
/* End PBXFrameworksBuildPhase section */

/* Begin PBXGroup section */
		97B0366E265C09C700EE5F6E = {
			isa = PBXGroup;
			children = (
				97B03679265C09C700EE5F6E /* TickTacTow */,
				97B03678265C09C700EE5F6E /* Products */,
			);
			sourceTree = "<group>";
		};
		97B03678265C09C700EE5F6E /* Products */ = {
			isa = PBXGroup;
			children = (
				97B03677265C09C700EE5F6E /* TickTacTow.app */,
			);
			name = Products;
			sourceTree = "<group>";
		};
		97B03679265C09C700EE5F6E /* TickTacTow */ = {
			isa = PBXGroup;
			children = (
				97B0367A265C09C700EE5F6E /* TickTacTowApp.swift */,
				97B0367C265C09C700EE5F6E /* GameBoardView.swift */,
				97B0367E265C09CC00EE5F6E /* Assets.xcassets */,
				97B03683265C09CC00EE5F6E /* Info.plist */,
				97B03680265C09CC00EE5F6E /* Preview Content */,
				97B03689265D334E00EE5F6E /* Alerts.swift */,
				97B0368B265D688300EE5F6E /* GameViewModel.swift */,
			);
			path = TickTacTow;
			sourceTree = "<group>";
		};
		97B03680265C09CC00EE5F6E /* Preview Content */ = {
			isa = PBXGroup;
			children = (
				97B03681265C09CC00EE5F6E /* Preview Assets.xcassets */,
			);
			path = "Preview Content";
			sourceTree = "<group>";
		};
/* End PBXGroup section */

/* Begin PBXNativeTarget section */
		97B03676265C09C700EE5F6E /* TickTacTow */ = {
			isa = PBXNativeTarget;
			buildConfigurationList = 97B03686265C09CC00EE5F6E /* Build configuration list for PBXNativeTarget "TickTacTow" */;
			buildPhases = (
				97B03673265C09C700EE5F6E /* Sources */,
				97B03674265C09C700EE5F6E /* Frameworks */,
				97B03675265C09C700EE5F6E /* Resources */,
			);
			buildRules = (
			);
			dependencies = (
			);
			name = TickTacTow;
			productName = TickTacTow;
			productReference = 97B03677265C09C700EE5F6E /* TickTacTow.app */;
			productType = "com.apple.product-type.application";
		};
/* End PBXNativeTarget section */

/* Begin PBXProject section */
		97B0366F265C09C700EE5F6E /* Project object */ = {
			isa = PBXProject;
			attributes = {
				LastSwiftUpdateCheck = 1250;
				LastUpgradeCheck = 1250;
				TargetAttributes = {
					97B03676265C09C700EE5F6E = {
						CreatedOnToolsVersion = 12.5;
					};
				};
			};
			buildConfigurationList = 97B03672265C09C700EE5F6E /* Build configuration list for PBXProject "TickTacTow" */;
			compatibilityVersion = "Xcode 9.3";
			developmentRegion = en;
			hasScannedForEncodings = 0;
			knownRegions = (
				en,
				Base,
			);
			mainGroup = 97B0366E265C09C700EE5F6E;
			productRefGroup = 97B03678265C09C700EE5F6E /* Products */;
			projectDirPath = "";
			projectRoot = "";
			targets = (
				97B03676265C09C700EE5F6E /* TickTacTow */,
			);
		};
/* End PBXProject section */

/* Begin PBXResourcesBuildPhase section */
		97B03675265C09C700EE5F6E /* Resources */ = {
			isa = PBXResourcesBuildPhase;
			buildActionMask = 2147483647;
			files = (
				97B03682265C09CC00EE5F6E /* Preview Assets.xcassets in Resources */,
				97B0367F265C09CC00EE5F6E /* Assets.xcassets in Resources */,
			);
			runOnlyForDeploymentPostprocessing = 0;
		};
/* End PBXResourcesBuildPhase section */

/* Begin PBXSourcesBuildPhase section */
		97B03673265C09C700EE5F6E /* Sources */ = {
			isa = PBXSourcesBuildPhase;
			buildActionMask = 2147483647;
			files = (
				97B0368C265D688300EE5F6E /* GameViewModel.swift in Sources */,
				97B0367D265C09C700EE5F6E /* GameBoardView.swift in Sources */,
				97B0368A265D334F00EE5F6E /* Alerts.swift in Sources */,
				97B0367B265C09C700EE5F6E /* TickTacTowApp.swift in Sources */,
			);
			runOnlyForDeploymentPostprocessing = 0;
		};
/* End PBXSourcesBuildPhase section */

/* Begin XCBuildConfiguration section */
		97B03684265C09CC00EE5F6E /* Debug */ = {
			isa = XCBuildConfiguration;
			buildSettings = {
				ALWAYS_SEARCH_USER_PATHS = NO;
				CLANG_ANALYZER_NONNULL = YES;
				CLANG_ANALYZER_NUMBER_OBJECT_CONVERSION = YES_AGGRESSIVE;
				CLANG_CXX_LANGUAGE_STANDARD = "gnu++14";
				CLANG_CXX_LIBRARY = "libc++";
				CLANG_ENABLE_MODULES = YES;
				CLANG_ENABLE_OBJC_ARC = YES;
				CLANG_ENABLE_OBJC_WEAK = YES;
				CLANG_WARN_BLOCK_CAPTURE_AUTORELEASING = YES;
				CLANG_WARN_BOOL_CONVERSION = YES;
				CLANG_WARN_COMMA = YES;
				CLANG_WARN_CONSTANT_CONVERSION = YES;
				CLANG_WARN_DEPRECATED_OBJC_IMPLEMENTATIONS = YES;
				CLANG_WARN_DIRECT_OBJC_ISA_USAGE = YES_ERROR;
				CLANG_WARN_DOCUMENTATION_COMMENTS = YES;
				CLANG_WARN_EMPTY_BODY = YES;
				CLANG_WARN_ENUM_CONVERSION = YES;
				CLANG_WARN_INFINITE_RECURSION = YES;
				CLANG_WARN_INT_CONVERSION = YES;
				CLANG_WARN_NON_LITERAL_NULL_CONVERSION = YES;
				CLANG_WARN_OBJC_IMPLICIT_RETAIN_SELF = YES;
				CLANG_WARN_OBJC_LITERAL_CONVERSION = YES;
				CLANG_WARN_OBJC_ROOT_CLASS = YES_ERROR;
				CLANG_WARN_QUOTED_INCLUDE_IN_FRAMEWORK_HEADER = YES;
				CLANG_WARN_RANGE_LOOP_ANALYSIS = YES;
				CLANG_WARN_STRICT_PROTOTYPES = YES;
				CLANG_WARN_SUSPICIOUS_MOVE = YES;
				CLANG_WARN_UNGUARDED_AVAILABILITY = YES_AGGRESSIVE;
				CLANG_WARN_UNREACHABLE_CODE = YES;
				CLANG_WARN__DUPLICATE_METHOD_MATCH = YES;
				COPY_PHASE_STRIP = NO;
				DEBUG_INFORMATION_FORMAT = dwarf;
				ENABLE_STRICT_OBJC_MSGSEND = YES;
				ENABLE_TESTABILITY = YES;
				GCC_C_LANGUAGE_STANDARD = gnu11;
				GCC_DYNAMIC_NO_PIC = NO;
				GCC_NO_COMMON_BLOCKS = YES;
				GCC_OPTIMIZATION_LEVEL = 0;
				GCC_PREPROCESSOR_DEFINITIONS = (
					"DEBUG=1",
					"$(inherited)",
				);
				GCC_WARN_64_TO_32_BIT_CONVERSION = YES;
				GCC_WARN_ABOUT_RETURN_TYPE = YES_ERROR;
				GCC_WARN_UNDECLARED_SELECTOR = YES;
				GCC_WARN_UNINITIALIZED_AUTOS = YES_AGGRESSIVE;
				GCC_WARN_UNUSED_FUNCTION = YES;
				GCC_WARN_UNUSED_VARIABLE = YES;
				IPHONEOS_DEPLOYMENT_TARGET = 14.5;
				MTL_ENABLE_DEBUG_INFO = INCLUDE_SOURCE;
				MTL_FAST_MATH = YES;
				ONLY_ACTIVE_ARCH = YES;
				SDKROOT = iphoneos;
				SWIFT_ACTIVE_COMPILATION_CONDITIONS = DEBUG;
				SWIFT_OPTIMIZATION_LEVEL = "-Onone";
			};
			name = Debug;
		};
		97B03685265C09CC00EE5F6E /* Release */ = {
			isa = XCBuildConfiguration;
			buildSettings = {
				ALWAYS_SEARCH_USER_PATHS = NO;
				CLANG_ANALYZER_NONNULL = YES;
				CLANG_ANALYZER_NUMBER_OBJECT_CONVERSION = YES_AGGRESSIVE;
				CLANG_CXX_LANGUAGE_STANDARD = "gnu++14";
				CLANG_CXX_LIBRARY = "libc++";
				CLANG_ENABLE_MODULES = YES;
				CLANG_ENABLE_OBJC_ARC = YES;
				CLANG_ENABLE_OBJC_WEAK = YES;
				CLANG_WARN_BLOCK_CAPTURE_AUTORELEASING = YES;
				CLANG_WARN_BOOL_CONVERSION = YES;
				CLANG_WARN_COMMA = YES;
				CLANG_WARN_CONSTANT_CONVERSION = YES;
				CLANG_WARN_DEPRECATED_OBJC_IMPLEMENTATIONS = YES;
				CLANG_WARN_DIRECT_OBJC_ISA_USAGE = YES_ERROR;
				CLANG_WARN_DOCUMENTATION_COMMENTS = YES;
				CLANG_WARN_EMPTY_BODY = YES;
				CLANG_WARN_ENUM_CONVERSION = YES;
				CLANG_WARN_INFINITE_RECURSION = YES;
				CLANG_WARN_INT_CONVERSION = YES;
				CLANG_WARN_NON_LITERAL_NULL_CONVERSION = YES;
				CLANG_WARN_OBJC_IMPLICIT_RETAIN_SELF = YES;
				CLANG_WARN_OBJC_LITERAL_CONVERSION = YES;
				CLANG_WARN_OBJC_ROOT_CLASS = YES_ERROR;
				CLANG_WARN_QUOTED_INCLUDE_IN_FRAMEWORK_HEADER = YES;
				CLANG_WARN_RANGE_LOOP_ANALYSIS = YES;
				CLANG_WARN_STRICT_PROTOTYPES = YES;
				CLANG_WARN_SUSPICIOUS_MOVE = YES;
				CLANG_WARN_UNGUARDED_AVAILABILITY = YES_AGGRESSIVE;
				CLANG_WARN_UNREACHABLE_CODE = YES;
				CLANG_WARN__DUPLICATE_METHOD_MATCH = YES;
				COPY_PHASE_STRIP = NO;
				DEBUG_INFORMATION_FORMAT = "dwarf-with-dsym";
				ENABLE_NS_ASSERTIONS = NO;
				ENABLE_STRICT_OBJC_MSGSEND = YES;
				GCC_C_LANGUAGE_STANDARD = gnu11;
				GCC_NO_COMMON_BLOCKS = YES;
				GCC_WARN_64_TO_32_BIT_CONVERSION = YES;
				GCC_WARN_ABOUT_RETURN_TYPE = YES_ERROR;
				GCC_WARN_UNDECLARED_SELECTOR = YES;
				GCC_WARN_UNINITIALIZED_AUTOS = YES_AGGRESSIVE;
				GCC_WARN_UNUSED_FUNCTION = YES;
				GCC_WARN_UNUSED_VARIABLE = YES;
				IPHONEOS_DEPLOYMENT_TARGET = 14.5;
				MTL_ENABLE_DEBUG_INFO = NO;
				MTL_FAST_MATH = YES;
				SDKROOT = iphoneos;
				SWIFT_COMPILATION_MODE = wholemodule;
				SWIFT_OPTIMIZATION_LEVEL = "-O";
				VALIDATE_PRODUCT = YES;
			};
			name = Release;
		};
		97B03687265C09CC00EE5F6E /* Debug */ = {
			isa = XCBuildConfiguration;
			buildSettings = {
				ASSETCATALOG_COMPILER_GLOBAL_ACCENT_COLOR_NAME = AccentColor;
				CODE_SIGN_STYLE = Automatic;
				DEVELOPMENT_ASSET_PATHS = "\"TickTacTow/Preview Content\"";
				DEVELOPMENT_TEAM = R3K2497LK5;
				ENABLE_PREVIEWS = YES;
				INFOPLIST_FILE = TickTacTow/Info.plist;
				IPHONEOS_DEPLOYMENT_TARGET = 14.5;
				LD_RUNPATH_SEARCH_PATHS = (
					"$(inherited)",
					"@executable_path/Frameworks",
				);
				PRODUCT_BUNDLE_IDENTIFIER = com.DavidAgyakwa.TickTacTow;
				PRODUCT_NAME = "$(TARGET_NAME)";
				SWIFT_VERSION = 5.0;
				TARGETED_DEVICE_FAMILY = "1,2";
			};
			name = Debug;
		};
		97B03688265C09CC00EE5F6E /* Release */ = {
			isa = XCBuildConfiguration;
			buildSettings = {
				ASSETCATALOG_COMPILER_GLOBAL_ACCENT_COLOR_NAME = AccentColor;
				CODE_SIGN_STYLE = Automatic;
				DEVELOPMENT_ASSET_PATHS = "\"TickTacTow/Preview Content\"";
				DEVELOPMENT_TEAM = R3K2497LK5;
				ENABLE_PREVIEWS = YES;
				INFOPLIST_FILE = TickTacTow/Info.plist;
				IPHONEOS_DEPLOYMENT_TARGET = 14.5;
				LD_RUNPATH_SEARCH_PATHS = (
					"$(inherited)",
					"@executable_path/Frameworks",
				);
				PRODUCT_BUNDLE_IDENTIFIER = com.DavidAgyakwa.TickTacTow;
				PRODUCT_NAME = "$(TARGET_NAME)";
				SWIFT_VERSION = 5.0;
				TARGETED_DEVICE_FAMILY = "1,2";
			};
			name = Release;
		};
/* End XCBuildConfiguration section */

/* Begin XCConfigurationList section */
		97B03672265C09C700EE5F6E /* Build configuration list for PBXProject "TickTacTow" */ = {
			isa = XCConfigurationList;
			buildConfigurations = (
				97B03684265C09CC00EE5F6E /* Debug */,
				97B03685265C09CC00EE5F6E /* Release */,
			);
			defaultConfigurationIsVisible = 0;
			defaultConfigurationName = Release;
		};
		97B03686265C09CC00EE5F6E /* Build configuration list for PBXNativeTarget "TickTacTow" */ = {
			isa = XCConfigurationList;
			buildConfigurations = (
				97B03687265C09CC00EE5F6E /* Debug */,
				97B03688265C09CC00EE5F6E /* Release */,
			);
			defaultConfigurationIsVisible = 0;
			defaultConfigurationName = Release;
		};
/* End XCConfigurationList section */
	};
	rootObject = 97B0366F265C09C700EE5F6E /* Project object */;
}
